
Microsoft Visual Studio Solution File, Format Version 12.00
# Visual Studio 15
VisualStudioVersion = 15.0.26730.16
MinimumVisualStudioVersion = 10.0.40219.1
Project("{FAE04EC0-301F-11D3-BF4B-00C04F79EFBC}") = "WebApplication1", "WebApplication1\WebApplication1.csproj", "{8D8B7B8F-618D-4252-8231-F40531A423DE}"
EndProject
Project("{E53339B2-1760-4266-BCC7-CA923CBCF16C}") = "docker-compose", "docker-compose.dcproj", "{50C64346-E514-4925-AB9D-0F24CD16F740}"
EndProject
Global
	GlobalSection(SolutionConfigurationPlatforms) = preSolution
		Debug|Any CPU = Debug|Any CPU
		Release|Any CPU = Release|Any CPU
	EndGlobalSection
	GlobalSection(ProjectConfigurationPlatforms) = postSolution
		{8D8B7B8F-618D-4252-8231-F40531A423DE}.Debug|Any CPU.ActiveCfg = Debug|Any CPU
		{8D8B7B8F-618D-4252-8231-F40531A423DE}.Debug|Any CPU.Build.0 = Debug|Any CPU
		{8D8B7B8F-618D-4252-8231-F40531A423DE}.Release|Any CPU.ActiveCfg = Release|Any CPU
		{8D8B7B8F-618D-4252-8231-F40531A423DE}.Release|Any CPU.Build.0 = Release|Any CPU
		{50C64346-E514-4925-AB9D-0F24CD16F740}.Debug|Any CPU.ActiveCfg = Debug|Any CPU
		{50C64346-E514-4925-AB9D-0F24CD16F740}.Debug|Any CPU.Build.0 = Debug|Any CPU
		{50C64346-E514-4925-AB9D-0F24CD16F740}.Release|Any CPU.ActiveCfg = Release|Any CPU
		{50C64346-E514-4925-AB9D-0F24CD16F740}.Release|Any CPU.Build.0 = Release|Any CPU
	EndGlobalSection
	GlobalSection(SolutionProperties) = preSolution
		HideSolutionNode = FALSE
	EndGlobalSection
	GlobalSection(ExtensibilityGlobals) = postSolution
		SolutionGuid = {E99D433C-D648-4748-924A-F7E417A54864}
	EndGlobalSection
EndGlobal
